
Microsoft Visual Studio Solution File, Format Version 12.00
# Visual Studio Version 17
VisualStudioVersion = 17.13.35931.197 d17.13
MinimumVisualStudioVersion = 10.0.40219.1
Project("{FAE04EC0-301F-11D3-BF4B-00C04F79EFBC}") = "WindowsFormsApp4_animal_upcasting", "WindowsFormsApp4_animal_upcasting\WindowsFormsApp4_animal_upcasting.csproj", "{E85C419A-FBB9-4BFB-922A-03F4FB1DF256}"
EndProject
Global
	GlobalSection(SolutionConfigurationPlatforms) = preSolution
		Debug|Any CPU = Debug|Any CPU
		Release|Any CPU = Release|Any CPU
	EndGlobalSection
	GlobalSection(ProjectConfigurationPlatforms) = postSolution
		{E85C419A-FBB9-4BFB-922A-03F4FB1DF256}.Debug|Any CPU.ActiveCfg = Debug|Any CPU
		{E85C419A-FBB9-4BFB-922A-03F4FB1DF256}.Debug|Any CPU.Build.0 = Debug|Any CPU
		{E85C419A-FBB9-4BFB-922A-03F4FB1DF256}.Release|Any CPU.ActiveCfg = Release|Any CPU
		{E85C419A-FBB9-4BFB-922A-03F4FB1DF256}.Release|Any CPU.Build.0 = Release|Any CPU
	EndGlobalSection
	GlobalSection(SolutionProperties) = preSolution
		HideSolutionNode = FALSE
	EndGlobalSection
	GlobalSection(ExtensibilityGlobals) = postSolution
		SolutionGuid = {FAF54A55-DCF4-45B5-BAF3-A56D79E3847D}
	EndGlobalSection
EndGlobal
